
Microsoft Visual Studio Solution File, Format Version 12.00
# Visual Studio Version 16
VisualStudioVersion = 16.0.30320.27
MinimumVisualStudioVersion = 10.0.40219.1
Project("{FAE04EC0-301F-11D3-BF4B-00C04F79EFBC}") = "MatrixCal", "MatrixCal.csproj", "{0D85C9BB-939C-4848-89CF-8E2CED93DFA0}"
EndProject
Global
	GlobalSection(SolutionConfigurationPlatforms) = preSolution
		Debug|Any CPU = Debug|Any CPU
		Release|Any CPU = Release|Any CPU
	EndGlobalSection
	GlobalSection(ProjectConfigurationPlatforms) = postSolution
		{0D85C9BB-939C-4848-89CF-8E2CED93DFA0}.Debug|Any CPU.ActiveCfg = Debug|Any CPU
		{0D85C9BB-939C-4848-89CF-8E2CED93DFA0}.Debug|Any CPU.Build.0 = Debug|Any CPU
		{0D85C9BB-939C-4848-89CF-8E2CED93DFA0}.Release|Any CPU.ActiveCfg = Release|Any CPU
		{0D85C9BB-939C-4848-89CF-8E2CED93DFA0}.Release|Any CPU.Build.0 = Release|Any CPU
	EndGlobalSection
	GlobalSection(SolutionProperties) = preSolution
		HideSolutionNode = FALSE
	EndGlobalSection
	GlobalSection(ExtensibilityGlobals) = postSolution
		SolutionGuid = {C8D842F5-DB0E-4BA2-B69C-35B43B807E0B}
	EndGlobalSection
EndGlobal
